Microsoft Visual Studio Solution File, Format Version 11.00
# Visual Studio 2010
Project("{2150E333-8FDC-42A3-9474-1A3956D46DE8}") = "(tests)", "(tests)", "{EB0EC89C-EBF6-4BD4-9509-CC888AC506B6}"
EndProject
Project("{2150E333-8FDC-42A3-9474-1A3956D46DE8}") = "(base)", "(base)", "{16C7B435-1881-475F-A883-3259AC822721}"
EndProject
Project("{2150E333-8FDC-42A3-9474-1A3956D46DE8}") = "(third_party)", "(third_party)", "{58950AA5-9A5F-47F2-AC22-A45A29728345}"
EndProject
Project("{2150E333-8FDC-42A3-9474-1A3956D46DE8}") = "(sqlite)", "(sqlite)", "{C4248ECD-04B2-4797-88C1-0ED8E0CDF9E7}"
	ProjectSection(SolutionItems) = preProject
		base\third_party\sqlite\System.Data.SQLite.dll = base\third_party\sqlite\System.Data.SQLite.dll
		base\third_party\sqlite\System.Data.SQLite.xml = base\third_party\sqlite\System.Data.SQLite.xml
	EndProjectSection
EndProject
Project("{FAE04EC0-301F-11D3-BF4B-00C04F79EFBC}") = "resources", "base\resources\resources.csproj", "{A0341EAF-743E-4191-9012-87F9A7ACCBF3}"
EndProject
Project("{FAE04EC0-301F-11D3-BF4B-00C04F79EFBC}") = "common", "tests\common\common.csproj", "{BC583230-4459-42E2-9B40-2B05E25A5F5B}"
EndProject
Project("{FAE04EC0-301F-11D3-BF4B-00C04F79EFBC}") = "templates", "base\templates\templates.csproj", "{0755A3F6-A7AC-451E-AB07-89455293E63A}"
EndProject
Project("{2150E333-8FDC-42A3-9474-1A3956D46DE8}") = "(impl)", "(impl)", "{C67DBC61-2B9D-4840-BB18-348977218CA3}"
EndProject
Project("{2150E333-8FDC-42A3-9474-1A3956D46DE8}") = "(nuget)", "(nuget)", "{269BDC37-B279-47C2-A3C3-14DB577BE5C7}"
	ProjectSection(SolutionItems) = preProject
		nuget\must-common.nuspec = nuget\must-common.nuspec
		nuget\must-data-mysql.nuspec = nuget\must-data-mysql.nuspec
		nuget\must-data-sqlce.nuspec = nuget\must-data-sqlce.nuspec
		nuget\must-data-sqlserver.nuspec = nuget\must-data-sqlserver.nuspec
		nuget\must-desktop.nuspec = nuget\must-desktop.nuspec
		nuget\must-logging-log4net.nuspec = nuget\must-logging-log4net.nuspec
		nuget\must-logging-log4net.ps1 = nuget\must-logging-log4net.ps1
	EndProjectSection
EndProject
Project("{2150E333-8FDC-42A3-9474-1A3956D46DE8}") = "(templates)", "(templates)", "{F164A4C3-1B1D-4CEB-BDCE-9D3677022C22}"
EndProject
Project("{2150E333-8FDC-42A3-9474-1A3956D46DE8}") = "(logging)", "(logging)", "{C457AFD7-81B5-4D49-B36E-41E1BE0398AE}"
EndProject
Project("{FAE04EC0-301F-11D3-BF4B-00C04F79EFBC}") = "log4net", "impl\logging\log4net\log4net.csproj", "{04762107-A5DE-4BBF-8CFB-DD42D913276B}"
EndProject
Project("{FAE04EC0-301F-11D3-BF4B-00C04F79EFBC}") = "zmqlog", "impl\logging\zmqlog\zmqlog.csproj", "{5569716B-167F-43CC-8F86-1A8A9331996F}"
EndProject
Project("{2150E333-8FDC-42A3-9474-1A3956D46DE8}") = "(cache)", "(cache)", "{82FBAE15-77CB-4A71-9D17-7E2D98A384AD}"
EndProject
Project("{FAE04EC0-301F-11D3-BF4B-00C04F79EFBC}") = "memorycache", "impl\cache\memorycache\memorycache.csproj", "{3D43CBC8-F12D-49D9-8A24-84F3DA9AB7FC}"
EndProject
Project("{FAE04EC0-301F-11D3-BF4B-00C04F79EFBC}") = "webcache", "impl\cache\webcache\webcache.csproj", "{306A3806-20A7-490E-913D-EEA7513464CE}"
EndProject
Project("{FAE04EC0-301F-11D3-BF4B-00C04F79EFBC}") = "generators", "base\generators\generators.csproj", "{1358AB24-FAE4-40C9-9FC1-E73E9E9B463C}"
EndProject
Project("{2150E333-8FDC-42A3-9474-1A3956D46DE8}") = "(providers)", "(providers)", "{D2EF4153-8E74-45C3-B155-CB95DD726F04}"
EndProject
Project("{FAE04EC0-301F-11D3-BF4B-00C04F79EFBC}") = "mysql", "impl\providers\mysql\mysql.csproj", "{FEB664E7-0935-4205-8131-2EACFA1D0D20}"
EndProject
Project("{FAE04EC0-301F-11D3-BF4B-00C04F79EFBC}") = "sqlite", "impl\providers\sqlite\sqlite.csproj", "{39D3EFDD-983A-47CE-A53D-D1B5B170398F}"
EndProject
Project("{FAE04EC0-301F-11D3-BF4B-00C04F79EFBC}") = "mongodb", "impl\providers\mongodb\mongodb.csproj", "{B5C90671-FB87-4DF2-98A2-9CCAB7051459}"
EndProject
Project("{2150E333-8FDC-42A3-9474-1A3956D46DE8}") = "(impl)", "(impl)", "{7EE3A75F-24F0-4052-9CEA-89C9E54E56CB}"
EndProject
Project("{2150E333-8FDC-42A3-9474-1A3956D46DE8}") = "(providers)", "(providers)", "{EAD6F83A-BB85-4AD5-9199-4D06CF5A4450}"
EndProject
Project("{FAE04EC0-301F-11D3-BF4B-00C04F79EFBC}") = "mongodb.tests", "tests\providers\mongodb\mongodb.tests.csproj", "{770CAF75-E747-4F34-8B48-AC710D024310}"
EndProject
Project("{FAE04EC0-301F-11D3-BF4B-00C04F79EFBC}") = "sqlserver", "impl\providers\sqlserver\sqlserver.csproj", "{2D4D183C-71A0-4850-865E-CF7BDDFC0AE4}"
EndProject
Project("{FAE04EC0-301F-11D3-BF4B-00C04F79EFBC}") = "sqlserver.tests", "tests\providers\sqlserver\sqlserver.tests.csproj", "{F2A44CEC-FB4F-4093-A703-7EB3EC0111A8}"
EndProject
Project("{FAE04EC0-301F-11D3-BF4B-00C04F79EFBC}") = "sqlce", "impl\providers\sqlce\sqlce.csproj", "{BE854EB6-AAF5-4BDF-B162-5B217B88DFB4}"
EndProject
Project("{FAE04EC0-301F-11D3-BF4B-00C04F79EFBC}") = "sqlce.tests", "tests\providers\sqlce\sqlce.tests.csproj", "{0BF8B966-F5DF-427D-A8DD-47A183014F57}"
EndProject
Project("{FAE04EC0-301F-11D3-BF4B-00C04F79EFBC}") = "common", "base\common\common.csproj", "{EA6B35FF-1A1B-46D8-A599-4F9A467C75D1}"
EndProject
Project("{FAE04EC0-301F-11D3-BF4B-00C04F79EFBC}") = "informix", "impl\providers\informix\informix.csproj", "{F73C8A5B-50A7-4DE0-8746-EC1106B82337}"
EndProject
Project("{2150E333-8FDC-42A3-9474-1A3956D46DE8}") = ".nuget", ".nuget", "{C8679AC8-55B6-4032-B2A5-7FE77843E39B}"
	ProjectSection(SolutionItems) = preProject
		.nuget\packages.config = .nuget\packages.config
	EndProjectSection
EndProject
Global
	GlobalSection(SubversionScc) = preSolution
		Svn-Managed = True
		Manager = AnkhSVN - Subversion Support for Visual Studio
	EndGlobalSection
	GlobalSection(SolutionConfigurationPlatforms) = preSolution
		debug|Any CPU = debug|Any CPU
		debug|Mixed Platforms = debug|Mixed Platforms
		debug|x86 = debug|x86
		release|Any CPU = release|Any CPU
		release|Mixed Platforms = release|Mixed Platforms
		release|x86 = release|x86
	EndGlobalSection
	GlobalSection(ProjectConfigurationPlatforms) = postSolution
		{A0341EAF-743E-4191-9012-87F9A7ACCBF3}.debug|Any CPU.ActiveCfg = Debug|Any CPU
		{A0341EAF-743E-4191-9012-87F9A7ACCBF3}.debug|Any CPU.Build.0 = Debug|Any CPU
		{A0341EAF-743E-4191-9012-87F9A7ACCBF3}.debug|Mixed Platforms.ActiveCfg = Debug|Any CPU
		{A0341EAF-743E-4191-9012-87F9A7ACCBF3}.debug|Mixed Platforms.Build.0 = Debug|Any CPU
		{A0341EAF-743E-4191-9012-87F9A7ACCBF3}.debug|x86.ActiveCfg = Debug|Any CPU
		{A0341EAF-743E-4191-9012-87F9A7ACCBF3}.release|Any CPU.ActiveCfg = Release|Any CPU
		{A0341EAF-743E-4191-9012-87F9A7ACCBF3}.release|Any CPU.Build.0 = Release|Any CPU
		{A0341EAF-743E-4191-9012-87F9A7ACCBF3}.release|Mixed Platforms.ActiveCfg = Release|Any CPU
		{A0341EAF-743E-4191-9012-87F9A7ACCBF3}.release|Mixed Platforms.Build.0 = Release|Any CPU
		{A0341EAF-743E-4191-9012-87F9A7ACCBF3}.release|x86.ActiveCfg = Release|Any CPU
		{BC583230-4459-42E2-9B40-2B05E25A5F5B}.debug|Any CPU.ActiveCfg = Debug|Any CPU
		{BC583230-4459-42E2-9B40-2B05E25A5F5B}.debug|Any CPU.Build.0 = Debug|Any CPU
		{BC583230-4459-42E2-9B40-2B05E25A5F5B}.debug|Mixed Platforms.ActiveCfg = Debug|Any CPU
		{BC583230-4459-42E2-9B40-2B05E25A5F5B}.debug|Mixed Platforms.Build.0 = Debug|Any CPU
		{BC583230-4459-42E2-9B40-2B05E25A5F5B}.debug|x86.ActiveCfg = Debug|Any CPU
		{BC583230-4459-42E2-9B40-2B05E25A5F5B}.release|Any CPU.ActiveCfg = Release|Any CPU
		{BC583230-4459-42E2-9B40-2B05E25A5F5B}.release|Any CPU.Build.0 = Release|Any CPU
		{BC583230-4459-42E2-9B40-2B05E25A5F5B}.release|Mixed Platforms.ActiveCfg = Release|Any CPU
		{BC583230-4459-42E2-9B40-2B05E25A5F5B}.release|Mixed Platforms.Build.0 = Release|Any CPU
		{BC583230-4459-42E2-9B40-2B05E25A5F5B}.release|x86.ActiveCfg = Release|Any CPU
		{0755A3F6-A7AC-451E-AB07-89455293E63A}.debug|Any CPU.ActiveCfg = Debug|Any CPU
		{0755A3F6-A7AC-451E-AB07-89455293E63A}.debug|Any CPU.Build.0 = Debug|Any CPU
		{0755A3F6-A7AC-451E-AB07-89455293E63A}.debug|Mixed Platforms.ActiveCfg = Debug|Any CPU
		{0755A3F6-A7AC-451E-AB07-89455293E63A}.debug|Mixed Platforms.Build.0 = Debug|Any CPU
		{0755A3F6-A7AC-451E-AB07-89455293E63A}.debug|x86.ActiveCfg = Debug|Any CPU
		{0755A3F6-A7AC-451E-AB07-89455293E63A}.release|Any CPU.ActiveCfg = Release|Any CPU
		{0755A3F6-A7AC-451E-AB07-89455293E63A}.release|Any CPU.Build.0 = Release|Any CPU
		{0755A3F6-A7AC-451E-AB07-89455293E63A}.release|Mixed Platforms.ActiveCfg = Release|Any CPU
		{0755A3F6-A7AC-451E-AB07-89455293E63A}.release|Mixed Platforms.Build.0 = Release|Any CPU
		{0755A3F6-A7AC-451E-AB07-89455293E63A}.release|x86.ActiveCfg = Release|Any CPU
		{04762107-A5DE-4BBF-8CFB-DD42D913276B}.debug|Any CPU.ActiveCfg = Debug|Any CPU
		{04762107-A5DE-4BBF-8CFB-DD42D913276B}.debug|Any CPU.Build.0 = Debug|Any CPU
		{04762107-A5DE-4BBF-8CFB-DD42D913276B}.debug|Mixed Platforms.ActiveCfg = Debug|Any CPU
		{04762107-A5DE-4BBF-8CFB-DD42D913276B}.debug|Mixed Platforms.Build.0 = Debug|Any CPU
		{04762107-A5DE-4BBF-8CFB-DD42D913276B}.debug|x86.ActiveCfg = Debug|Any CPU
		{04762107-A5DE-4BBF-8CFB-DD42D913276B}.release|Any CPU.ActiveCfg = Release|Any CPU
		{04762107-A5DE-4BBF-8CFB-DD42D913276B}.release|Any CPU.Build.0 = Release|Any CPU
		{04762107-A5DE-4BBF-8CFB-DD42D913276B}.release|Mixed Platforms.ActiveCfg = Release|Any CPU
		{04762107-A5DE-4BBF-8CFB-DD42D913276B}.release|Mixed Platforms.Build.0 = Release|Any CPU
		{04762107-A5DE-4BBF-8CFB-DD42D913276B}.release|x86.ActiveCfg = Release|Any CPU
		{5569716B-167F-43CC-8F86-1A8A9331996F}.debug|Any CPU.ActiveCfg = Debug|Any CPU
		{5569716B-167F-43CC-8F86-1A8A9331996F}.debug|Any CPU.Build.0 = Debug|Any CPU
		{5569716B-167F-43CC-8F86-1A8A9331996F}.debug|Mixed Platforms.ActiveCfg = Debug|Any CPU
		{5569716B-167F-43CC-8F86-1A8A9331996F}.debug|Mixed Platforms.Build.0 = Debug|Any CPU
		{5569716B-167F-43CC-8F86-1A8A9331996F}.debug|x86.ActiveCfg = Debug|Any CPU
		{5569716B-167F-43CC-8F86-1A8A9331996F}.release|Any CPU.ActiveCfg = Release|Any CPU
		{5569716B-167F-43CC-8F86-1A8A9331996F}.release|Any CPU.Build.0 = Release|Any CPU
		{5569716B-167F-43CC-8F86-1A8A9331996F}.release|Mixed Platforms.ActiveCfg = Release|Any CPU
		{5569716B-167F-43CC-8F86-1A8A9331996F}.release|Mixed Platforms.Build.0 = Release|Any CPU
		{5569716B-167F-43CC-8F86-1A8A9331996F}.release|x86.ActiveCfg = Release|Any CPU
		{3D43CBC8-F12D-49D9-8A24-84F3DA9AB7FC}.debug|Any CPU.ActiveCfg = Debug|Any CPU
		{3D43CBC8-F12D-49D9-8A24-84F3DA9AB7FC}.debug|Any CPU.Build.0 = Debug|Any CPU
		{3D43CBC8-F12D-49D9-8A24-84F3DA9AB7FC}.debug|Mixed Platforms.ActiveCfg = Debug|Any CPU
		{3D43CBC8-F12D-49D9-8A24-84F3DA9AB7FC}.debug|Mixed Platforms.Build.0 = Debug|Any CPU
		{3D43CBC8-F12D-49D9-8A24-84F3DA9AB7FC}.debug|x86.ActiveCfg = Debug|Any CPU
		{3D43CBC8-F12D-49D9-8A24-84F3DA9AB7FC}.release|Any CPU.ActiveCfg = Release|Any CPU
		{3D43CBC8-F12D-49D9-8A24-84F3DA9AB7FC}.release|Any CPU.Build.0 = Release|Any CPU
		{3D43CBC8-F12D-49D9-8A24-84F3DA9AB7FC}.release|Mixed Platforms.ActiveCfg = Release|Any CPU
		{3D43CBC8-F12D-49D9-8A24-84F3DA9AB7FC}.release|Mixed Platforms.Build.0 = Release|Any CPU
		{3D43CBC8-F12D-49D9-8A24-84F3DA9AB7FC}.release|x86.ActiveCfg = Release|Any CPU
		{306A3806-20A7-490E-913D-EEA7513464CE}.debug|Any CPU.ActiveCfg = Debug|Any CPU
		{306A3806-20A7-490E-913D-EEA7513464CE}.debug|Any CPU.Build.0 = Debug|Any CPU
		{306A3806-20A7-490E-913D-EEA7513464CE}.debug|Mixed Platforms.ActiveCfg = Debug|Any CPU
		{306A3806-20A7-490E-913D-EEA7513464CE}.debug|Mixed Platforms.Build.0 = Debug|Any CPU
		{306A3806-20A7-490E-913D-EEA7513464CE}.debug|x86.ActiveCfg = Debug|Any CPU
		{306A3806-20A7-490E-913D-EEA7513464CE}.release|Any CPU.ActiveCfg = Release|Any CPU
		{306A3806-20A7-490E-913D-EEA7513464CE}.release|Any CPU.Build.0 = Release|Any CPU
		{306A3806-20A7-490E-913D-EEA7513464CE}.release|Mixed Platforms.ActiveCfg = Release|Any CPU
		{306A3806-20A7-490E-913D-EEA7513464CE}.release|Mixed Platforms.Build.0 = Release|Any CPU
		{306A3806-20A7-490E-913D-EEA7513464CE}.release|x86.ActiveCfg = Release|Any CPU
		{1358AB24-FAE4-40C9-9FC1-E73E9E9B463C}.debug|Any CPU.ActiveCfg = Debug|Any CPU
		{1358AB24-FAE4-40C9-9FC1-E73E9E9B463C}.debug|Any CPU.Build.0 = Debug|Any CPU
		{1358AB24-FAE4-40C9-9FC1-E73E9E9B463C}.debug|Mixed Platforms.ActiveCfg = Debug|Any CPU
		{1358AB24-FAE4-40C9-9FC1-E73E9E9B463C}.debug|Mixed Platforms.Build.0 = Debug|Any CPU
		{1358AB24-FAE4-40C9-9FC1-E73E9E9B463C}.debug|x86.ActiveCfg = Debug|Any CPU
		{1358AB24-FAE4-40C9-9FC1-E73E9E9B463C}.release|Any CPU.ActiveCfg = Release|Any CPU
		{1358AB24-FAE4-40C9-9FC1-E73E9E9B463C}.release|Any CPU.Build.0 = Release|Any CPU
		{1358AB24-FAE4-40C9-9FC1-E73E9E9B463C}.release|Mixed Platforms.ActiveCfg = Release|Any CPU
		{1358AB24-FAE4-40C9-9FC1-E73E9E9B463C}.release|Mixed Platforms.Build.0 = Release|Any CPU
		{1358AB24-FAE4-40C9-9FC1-E73E9E9B463C}.release|x86.ActiveCfg = Release|Any CPU
		{FEB664E7-0935-4205-8131-2EACFA1D0D20}.debug|Any CPU.ActiveCfg = Debug|Any CPU
		{FEB664E7-0935-4205-8131-2EACFA1D0D20}.debug|Any CPU.Build.0 = Debug|Any CPU
		{FEB664E7-0935-4205-8131-2EACFA1D0D20}.debug|Mixed Platforms.ActiveCfg = Debug|Any CPU
		{FEB664E7-0935-4205-8131-2EACFA1D0D20}.debug|Mixed Platforms.Build.0 = Debug|Any CPU
		{FEB664E7-0935-4205-8131-2EACFA1D0D20}.debug|x86.ActiveCfg = Debug|Any CPU
		{FEB664E7-0935-4205-8131-2EACFA1D0D20}.release|Any CPU.ActiveCfg = Release|Any CPU
		{FEB664E7-0935-4205-8131-2EACFA1D0D20}.release|Any CPU.Build.0 = Release|Any CPU
		{FEB664E7-0935-4205-8131-2EACFA1D0D20}.release|Mixed Platforms.ActiveCfg = Release|Any CPU
		{FEB664E7-0935-4205-8131-2EACFA1D0D20}.release|Mixed Platforms.Build.0 = Release|Any CPU
		{FEB664E7-0935-4205-8131-2EACFA1D0D20}.release|x86.ActiveCfg = Release|Any CPU
		{39D3EFDD-983A-47CE-A53D-D1B5B170398F}.debug|Any CPU.ActiveCfg = Debug|Any CPU
		{39D3EFDD-983A-47CE-A53D-D1B5B170398F}.debug|Any CPU.Build.0 = Debug|Any CPU
		{39D3EFDD-983A-47CE-A53D-D1B5B170398F}.debug|Mixed Platforms.ActiveCfg = Debug|Any CPU
		{39D3EFDD-983A-47CE-A53D-D1B5B170398F}.debug|Mixed Platforms.Build.0 = Debug|Any CPU
		{39D3EFDD-983A-47CE-A53D-D1B5B170398F}.debug|x86.ActiveCfg = Debug|Any CPU
		{39D3EFDD-983A-47CE-A53D-D1B5B170398F}.release|Any CPU.ActiveCfg = Release|Any CPU
		{39D3EFDD-983A-47CE-A53D-D1B5B170398F}.release|Any CPU.Build.0 = Release|Any CPU
		{39D3EFDD-983A-47CE-A53D-D1B5B170398F}.release|Mixed Platforms.ActiveCfg = Release|Any CPU
		{39D3EFDD-983A-47CE-A53D-D1B5B170398F}.release|Mixed Platforms.Build.0 = Release|Any CPU
		{39D3EFDD-983A-47CE-A53D-D1B5B170398F}.release|x86.ActiveCfg = Release|Any CPU
		{B5C90671-FB87-4DF2-98A2-9CCAB7051459}.debug|Any CPU.ActiveCfg = Debug|Any CPU
		{B5C90671-FB87-4DF2-98A2-9CCAB7051459}.debug|Any CPU.Build.0 = Debug|Any CPU
		{B5C90671-FB87-4DF2-98A2-9CCAB7051459}.debug|Mixed Platforms.ActiveCfg = Debug|Any CPU
		{B5C90671-FB87-4DF2-98A2-9CCAB7051459}.debug|Mixed Platforms.Build.0 = Debug|Any CPU
		{B5C90671-FB87-4DF2-98A2-9CCAB7051459}.debug|x86.ActiveCfg = Debug|Any CPU
		{B5C90671-FB87-4DF2-98A2-9CCAB7051459}.release|Any CPU.ActiveCfg = Release|Any CPU
		{B5C90671-FB87-4DF2-98A2-9CCAB7051459}.release|Any CPU.Build.0 = Release|Any CPU
		{B5C90671-FB87-4DF2-98A2-9CCAB7051459}.release|Mixed Platforms.ActiveCfg = Release|Any CPU
		{B5C90671-FB87-4DF2-98A2-9CCAB7051459}.release|Mixed Platforms.Build.0 = Release|Any CPU
		{B5C90671-FB87-4DF2-98A2-9CCAB7051459}.release|x86.ActiveCfg = Release|Any CPU
		{770CAF75-E747-4F34-8B48-AC710D024310}.debug|Any CPU.ActiveCfg = Debug|Any CPU
		{770CAF75-E747-4F34-8B48-AC710D024310}.debug|Any CPU.Build.0 = Debug|Any CPU
		{770CAF75-E747-4F34-8B48-AC710D024310}.debug|Mixed Platforms.ActiveCfg = Debug|Any CPU
		{770CAF75-E747-4F34-8B48-AC710D024310}.debug|Mixed Platforms.Build.0 = Debug|Any CPU
		{770CAF75-E747-4F34-8B48-AC710D024310}.debug|x86.ActiveCfg = Debug|Any CPU
		{770CAF75-E747-4F34-8B48-AC710D024310}.release|Any CPU.ActiveCfg = Release|Any CPU
		{770CAF75-E747-4F34-8B48-AC710D024310}.release|Any CPU.Build.0 = Release|Any CPU
		{770CAF75-E747-4F34-8B48-AC710D024310}.release|Mixed Platforms.ActiveCfg = Release|Any CPU
		{770CAF75-E747-4F34-8B48-AC710D024310}.release|Mixed Platforms.Build.0 = Release|Any CPU
		{770CAF75-E747-4F34-8B48-AC710D024310}.release|x86.ActiveCfg = Release|Any CPU
		{2D4D183C-71A0-4850-865E-CF7BDDFC0AE4}.debug|Any CPU.ActiveCfg = Debug|Any CPU
		{2D4D183C-71A0-4850-865E-CF7BDDFC0AE4}.debug|Any CPU.Build.0 = Debug|Any CPU
		{2D4D183C-71A0-4850-865E-CF7BDDFC0AE4}.debug|Mixed Platforms.ActiveCfg = Debug|Any CPU
		{2D4D183C-71A0-4850-865E-CF7BDDFC0AE4}.debug|Mixed Platforms.Build.0 = Debug|Any CPU
		{2D4D183C-71A0-4850-865E-CF7BDDFC0AE4}.debug|x86.ActiveCfg = Debug|Any CPU
		{2D4D183C-71A0-4850-865E-CF7BDDFC0AE4}.release|Any CPU.ActiveCfg = Release|Any CPU
		{2D4D183C-71A0-4850-865E-CF7BDDFC0AE4}.release|Any CPU.Build.0 = Release|Any CPU
		{2D4D183C-71A0-4850-865E-CF7BDDFC0AE4}.release|Mixed Platforms.ActiveCfg = Release|Any CPU
		{2D4D183C-71A0-4850-865E-CF7BDDFC0AE4}.release|Mixed Platforms.Build.0 = Release|Any CPU
		{2D4D183C-71A0-4850-865E-CF7BDDFC0AE4}.release|x86.ActiveCfg = Release|Any CPU
		{F2A44CEC-FB4F-4093-A703-7EB3EC0111A8}.debug|Any CPU.ActiveCfg = Debug|Any CPU
		{F2A44CEC-FB4F-4093-A703-7EB3EC0111A8}.debug|Any CPU.Build.0 = Debug|Any CPU
		{F2A44CEC-FB4F-4093-A703-7EB3EC0111A8}.debug|Mixed Platforms.ActiveCfg = Debug|Any CPU
		{F2A44CEC-FB4F-4093-A703-7EB3EC0111A8}.debug|Mixed Platforms.Build.0 = Debug|Any CPU
		{F2A44CEC-FB4F-4093-A703-7EB3EC0111A8}.debug|x86.ActiveCfg = Debug|Any CPU
		{F2A44CEC-FB4F-4093-A703-7EB3EC0111A8}.release|Any CPU.ActiveCfg = Release|Any CPU
		{F2A44CEC-FB4F-4093-A703-7EB3EC0111A8}.release|Any CPU.Build.0 = Release|Any CPU
		{F2A44CEC-FB4F-4093-A703-7EB3EC0111A8}.release|Mixed Platforms.ActiveCfg = Release|Any CPU
		{F2A44CEC-FB4F-4093-A703-7EB3EC0111A8}.release|Mixed Platforms.Build.0 = Release|Any CPU
		{F2A44CEC-FB4F-4093-A703-7EB3EC0111A8}.release|x86.ActiveCfg = Release|Any CPU
		{BE854EB6-AAF5-4BDF-B162-5B217B88DFB4}.debug|Any CPU.ActiveCfg = Debug|Any CPU
		{BE854EB6-AAF5-4BDF-B162-5B217B88DFB4}.debug|Any CPU.Build.0 = Debug|Any CPU
		{BE854EB6-AAF5-4BDF-B162-5B217B88DFB4}.debug|Mixed Platforms.ActiveCfg = Debug|Any CPU
		{BE854EB6-AAF5-4BDF-B162-5B217B88DFB4}.debug|Mixed Platforms.Build.0 = Debug|Any CPU
		{BE854EB6-AAF5-4BDF-B162-5B217B88DFB4}.debug|x86.ActiveCfg = Debug|Any CPU
		{BE854EB6-AAF5-4BDF-B162-5B217B88DFB4}.release|Any CPU.ActiveCfg = Release|Any CPU
		{BE854EB6-AAF5-4BDF-B162-5B217B88DFB4}.release|Any CPU.Build.0 = Release|Any CPU
		{BE854EB6-AAF5-4BDF-B162-5B217B88DFB4}.release|Mixed Platforms.ActiveCfg = Release|Any CPU
		{BE854EB6-AAF5-4BDF-B162-5B217B88DFB4}.release|Mixed Platforms.Build.0 = Release|Any CPU
		{BE854EB6-AAF5-4BDF-B162-5B217B88DFB4}.release|x86.ActiveCfg = Release|Any CPU
		{0BF8B966-F5DF-427D-A8DD-47A183014F57}.debug|Any CPU.ActiveCfg = Debug|Any CPU
		{0BF8B966-F5DF-427D-A8DD-47A183014F57}.debug|Any CPU.Build.0 = Debug|Any CPU
		{0BF8B966-F5DF-427D-A8DD-47A183014F57}.debug|Mixed Platforms.ActiveCfg = Debug|Any CPU
		{0BF8B966-F5DF-427D-A8DD-47A183014F57}.debug|Mixed Platforms.Build.0 = Debug|Any CPU
		{0BF8B966-F5DF-427D-A8DD-47A183014F57}.debug|x86.ActiveCfg = Debug|Any CPU
		{0BF8B966-F5DF-427D-A8DD-47A183014F57}.release|Any CPU.ActiveCfg = Release|Any CPU
		{0BF8B966-F5DF-427D-A8DD-47A183014F57}.release|Any CPU.Build.0 = Release|Any CPU
		{0BF8B966-F5DF-427D-A8DD-47A183014F57}.release|Mixed Platforms.ActiveCfg = Release|Any CPU
		{0BF8B966-F5DF-427D-A8DD-47A183014F57}.release|Mixed Platforms.Build.0 = Release|Any CPU
		{0BF8B966-F5DF-427D-A8DD-47A183014F57}.release|x86.ActiveCfg = Release|Any CPU
		{EA6B35FF-1A1B-46D8-A599-4F9A467C75D1}.debug|Any CPU.ActiveCfg = Debug|Any CPU
		{EA6B35FF-1A1B-46D8-A599-4F9A467C75D1}.debug|Any CPU.Build.0 = Debug|Any CPU
		{EA6B35FF-1A1B-46D8-A599-4F9A467C75D1}.debug|Mixed Platforms.ActiveCfg = Debug|Any CPU
		{EA6B35FF-1A1B-46D8-A599-4F9A467C75D1}.debug|Mixed Platforms.Build.0 = Debug|Any CPU
		{EA6B35FF-1A1B-46D8-A599-4F9A467C75D1}.debug|x86.ActiveCfg = Debug|Any CPU
		{EA6B35FF-1A1B-46D8-A599-4F9A467C75D1}.release|Any CPU.ActiveCfg = Release|Any CPU
		{EA6B35FF-1A1B-46D8-A599-4F9A467C75D1}.release|Any CPU.Build.0 = Release|Any CPU
		{EA6B35FF-1A1B-46D8-A599-4F9A467C75D1}.release|Mixed Platforms.ActiveCfg = Release|Any CPU
		{EA6B35FF-1A1B-46D8-A599-4F9A467C75D1}.release|Mixed Platforms.Build.0 = Release|Any CPU
		{EA6B35FF-1A1B-46D8-A599-4F9A467C75D1}.release|x86.ActiveCfg = Release|Any CPU
		{F73C8A5B-50A7-4DE0-8746-EC1106B82337}.debug|Any CPU.ActiveCfg = Debug|Any CPU
		{F73C8A5B-50A7-4DE0-8746-EC1106B82337}.debug|Any CPU.Build.0 = Debug|Any CPU
		{F73C8A5B-50A7-4DE0-8746-EC1106B82337}.debug|Mixed Platforms.ActiveCfg = Debug|Any CPU
		{F73C8A5B-50A7-4DE0-8746-EC1106B82337}.debug|Mixed Platforms.Build.0 = Debug|Any CPU
		{F73C8A5B-50A7-4DE0-8746-EC1106B82337}.debug|x86.ActiveCfg = Debug|Any CPU
		{F73C8A5B-50A7-4DE0-8746-EC1106B82337}.release|Any CPU.ActiveCfg = Release|Any CPU
		{F73C8A5B-50A7-4DE0-8746-EC1106B82337}.release|Any CPU.Build.0 = Release|Any CPU
		{F73C8A5B-50A7-4DE0-8746-EC1106B82337}.release|Mixed Platforms.ActiveCfg = Release|Any CPU
		{F73C8A5B-50A7-4DE0-8746-EC1106B82337}.release|Mixed Platforms.Build.0 = Release|Any CPU
		{F73C8A5B-50A7-4DE0-8746-EC1106B82337}.release|x86.ActiveCfg = Release|Any CPU
	EndGlobalSection
	GlobalSection(SolutionProperties) = preSolution
		HideSolutionNode = FALSE
	EndGlobalSection
	GlobalSection(NestedProjects) = preSolution
		{BC583230-4459-42E2-9B40-2B05E25A5F5B} = {EB0EC89C-EBF6-4BD4-9509-CC888AC506B6}
		{7EE3A75F-24F0-4052-9CEA-89C9E54E56CB} = {EB0EC89C-EBF6-4BD4-9509-CC888AC506B6}
		{58950AA5-9A5F-47F2-AC22-A45A29728345} = {16C7B435-1881-475F-A883-3259AC822721}
		{A0341EAF-743E-4191-9012-87F9A7ACCBF3} = {16C7B435-1881-475F-A883-3259AC822721}
		{F164A4C3-1B1D-4CEB-BDCE-9D3677022C22} = {16C7B435-1881-475F-A883-3259AC822721}
		{C67DBC61-2B9D-4840-BB18-348977218CA3} = {16C7B435-1881-475F-A883-3259AC822721}
		{1358AB24-FAE4-40C9-9FC1-E73E9E9B463C} = {16C7B435-1881-475F-A883-3259AC822721}
		{EA6B35FF-1A1B-46D8-A599-4F9A467C75D1} = {16C7B435-1881-475F-A883-3259AC822721}
		{C4248ECD-04B2-4797-88C1-0ED8E0CDF9E7} = {58950AA5-9A5F-47F2-AC22-A45A29728345}
		{0755A3F6-A7AC-451E-AB07-89455293E63A} = {F164A4C3-1B1D-4CEB-BDCE-9D3677022C22}
		{C457AFD7-81B5-4D49-B36E-41E1BE0398AE} = {C67DBC61-2B9D-4840-BB18-348977218CA3}
		{82FBAE15-77CB-4A71-9D17-7E2D98A384AD} = {C67DBC61-2B9D-4840-BB18-348977218CA3}
		{D2EF4153-8E74-45C3-B155-CB95DD726F04} = {C67DBC61-2B9D-4840-BB18-348977218CA3}
		{04762107-A5DE-4BBF-8CFB-DD42D913276B} = {C457AFD7-81B5-4D49-B36E-41E1BE0398AE}
		{5569716B-167F-43CC-8F86-1A8A9331996F} = {C457AFD7-81B5-4D49-B36E-41E1BE0398AE}
		{3D43CBC8-F12D-49D9-8A24-84F3DA9AB7FC} = {82FBAE15-77CB-4A71-9D17-7E2D98A384AD}
		{306A3806-20A7-490E-913D-EEA7513464CE} = {82FBAE15-77CB-4A71-9D17-7E2D98A384AD}
		{FEB664E7-0935-4205-8131-2EACFA1D0D20} = {D2EF4153-8E74-45C3-B155-CB95DD726F04}
		{39D3EFDD-983A-47CE-A53D-D1B5B170398F} = {D2EF4153-8E74-45C3-B155-CB95DD726F04}
		{B5C90671-FB87-4DF2-98A2-9CCAB7051459} = {D2EF4153-8E74-45C3-B155-CB95DD726F04}
		{2D4D183C-71A0-4850-865E-CF7BDDFC0AE4} = {D2EF4153-8E74-45C3-B155-CB95DD726F04}
		{BE854EB6-AAF5-4BDF-B162-5B217B88DFB4} = {D2EF4153-8E74-45C3-B155-CB95DD726F04}
		{F73C8A5B-50A7-4DE0-8746-EC1106B82337} = {D2EF4153-8E74-45C3-B155-CB95DD726F04}
		{EAD6F83A-BB85-4AD5-9199-4D06CF5A4450} = {7EE3A75F-24F0-4052-9CEA-89C9E54E56CB}
		{770CAF75-E747-4F34-8B48-AC710D024310} = {EAD6F83A-BB85-4AD5-9199-4D06CF5A4450}
		{F2A44CEC-FB4F-4093-A703-7EB3EC0111A8} = {EAD6F83A-BB85-4AD5-9199-4D06CF5A4450}
		{0BF8B966-F5DF-427D-A8DD-47A183014F57} = {EAD6F83A-BB85-4AD5-9199-4D06CF5A4450}
	EndGlobalSection
	GlobalSection(ExtensibilityGlobals) = postSolution
		BuildVersion_BuildVersioningStyle = None.None.None.None
	EndGlobalSection
EndGlobal
