Microsoft Visual Studio Solution File, Format Version 11.00
# Visual Studio 2010
Project("{2150E333-8FDC-42A3-9474-1A3956D46DE8}") = "(tests)", "(tests)", "{EB0EC89C-EBF6-4BD4-9509-CC888AC506B6}"
EndProject
Project("{2150E333-8FDC-42A3-9474-1A3956D46DE8}") = "(base)", "(base)", "{16C7B435-1881-475F-A883-3259AC822721}"
EndProject
Project("{2150E333-8FDC-42A3-9474-1A3956D46DE8}") = "(third_party)", "(third_party)", "{0E238FD8-B69D-41F3-9C7A-B6BB76B0503D}"
EndProject
Project("{2150E333-8FDC-42A3-9474-1A3956D46DE8}") = "(plataform)", "(plataform)", "{750864A8-5D01-4AA7-AFC5-0A16110E058E}"
EndProject
Project("{2150E333-8FDC-42A3-9474-1A3956D46DE8}") = "(third_party)", "(third_party)", "{58950AA5-9A5F-47F2-AC22-A45A29728345}"
EndProject
Project("{2150E333-8FDC-42A3-9474-1A3956D46DE8}") = "(sqlite)", "(sqlite)", "{C4248ECD-04B2-4797-88C1-0ED8E0CDF9E7}"
	ProjectSection(SolutionItems) = preProject
		base\third_party\sqlite\System.Data.SQLite.dll = base\third_party\sqlite\System.Data.SQLite.dll
		base\third_party\sqlite\System.Data.SQLite.xml = base\third_party\sqlite\System.Data.SQLite.xml
	EndProjectSection
EndProject
Project("{FAE04EC0-301F-11D3-BF4B-00C04F79EFBC}") = "desktop_test", "tests\desktop\desktop_test.csproj", "{4B87B8C8-6B0C-437D-9435-F44BB20F2CE3}"
EndProject
Project("{FAE04EC0-301F-11D3-BF4B-00C04F79EFBC}") = "web_test", "tests\web\web_test.csproj", "{99ED0E39-66A2-4A13-A9F0-C718FF5CF6CD}"
EndProject
Project("{FAE04EC0-301F-11D3-BF4B-00C04F79EFBC}") = "resources", "base\resources\resources.csproj", "{A0341EAF-743E-4191-9012-87F9A7ACCBF3}"
EndProject
Project("{FAE04EC0-301F-11D3-BF4B-00C04F79EFBC}") = "desktop", "platform\desktop\desktop.csproj", "{7B7DCA88-945A-4FA9-985C-5F3CB667C2BC}"
EndProject
Project("{FAE04EC0-301F-11D3-BF4B-00C04F79EFBC}") = "web", "platform\web\web.csproj", "{ABF8260D-F80B-453C-8016-44AA75670DA3}"
EndProject
Project("{FAE04EC0-301F-11D3-BF4B-00C04F79EFBC}") = "ajaxpro", "third_party\ajaxpro\ajaxpro.csproj", "{9AD42568-07A4-4D8B-9C6D-1FD54683EF4B}"
EndProject
Project("{FAE04EC0-301F-11D3-BF4B-00C04F79EFBC}") = "common", "base\common\common.csproj", "{903B5354-C424-4ADD-BC2B-892E1AA4342A}"
EndProject
Project("{FAE04EC0-301F-11D3-BF4B-00C04F79EFBC}") = "toolkit", "platform\toolkit\toolkit.csproj", "{2AAB1652-4EBB-4917-AED8-7F157F884E3B}"
EndProject
Project("{FAE04EC0-301F-11D3-BF4B-00C04F79EFBC}") = "common", "tests\common\common.csproj", "{BC583230-4459-42E2-9B40-2B05E25A5F5B}"
EndProject
Project("{FAE04EC0-301F-11D3-BF4B-00C04F79EFBC}") = "templates", "base\templates\templates.csproj", "{0755A3F6-A7AC-451E-AB07-89455293E63A}"
EndProject
Project("{FAE04EC0-301F-11D3-BF4B-00C04F79EFBC}") = "toolkit", "tests\platform\toolkit\toolkit.csproj", "{5C003620-294D-44C2-B456-AB1AE3BBB4CB}"
EndProject
Project("{2150E333-8FDC-42A3-9474-1A3956D46DE8}") = "(impl)", "(impl)", "{C67DBC61-2B9D-4840-BB18-348977218CA3}"
EndProject
Project("{FAE04EC0-301F-11D3-BF4B-00C04F79EFBC}") = "rabbitmq", "impl\rabbitmq\rabbitmq.csproj", "{E8EFA430-BF9E-4AF8-A4DB-4BC14FD80214}"
EndProject
Project("{2150E333-8FDC-42A3-9474-1A3956D46DE8}") = "(toolkit)", "(toolkit)", "{CA82D0F1-AFA8-44EA-BE95-707D24069629}"
EndProject
Project("{FAE04EC0-301F-11D3-BF4B-00C04F79EFBC}") = "dialers", "platform\toolkit\dialers\dialers.csproj", "{4A35A861-6ED1-4A55-8B8F-75A24D550868}"
EndProject
Project("{FAE04EC0-301F-11D3-BF4B-00C04F79EFBC}") = "restQL", "platform\toolkit\restql\core\restQL.csproj", "{1A4ED279-F59C-4E37-AE66-D323A89C36ED}"
EndProject
Project("{FAE04EC0-301F-11D3-BF4B-00C04F79EFBC}") = "metrics", "platform\toolkit\metrics\metrics.csproj", "{EE140ABF-C917-44D7-B89F-D6946332F507}"
EndProject
Project("{FAE04EC0-301F-11D3-BF4B-00C04F79EFBC}") = "metrics", "tests\platform\toolkit\metrics\metrics.csproj", "{876848CE-99F0-4AA1-8468-365204B77123}"
EndProject
Project("{2150E333-8FDC-42A3-9474-1A3956D46DE8}") = "(restQL)", "(restQL)", "{01944A4C-617B-4F1E-B110-06FE6CDECEB2}"
EndProject
Project("{FAE04EC0-301F-11D3-BF4B-00C04F79EFBC}") = "aspnet", "platform\toolkit\restql\aspnet\aspnet.csproj", "{78158772-E272-46C1-B1DA-49B3251D83CC}"
EndProject
Project("{2150E333-8FDC-42A3-9474-1A3956D46DE8}") = "(nuget)", "(nuget)", "{269BDC37-B279-47C2-A3C3-14DB577BE5C7}"
	ProjectSection(SolutionItems) = preProject
		nuget\must-common.nuspec = nuget\must-common.nuspec
		nuget\must-desktop.nuspec = nuget\must-desktop.nuspec
		nuget\must-logging-log4net.nuspec = nuget\must-logging-log4net.nuspec
		nuget\must-logging-log4net.ps1 = nuget\must-logging-log4net.ps1
	EndProjectSection
EndProject
Project("{2150E333-8FDC-42A3-9474-1A3956D46DE8}") = "(templates)", "(templates)", "{F164A4C3-1B1D-4CEB-BDCE-9D3677022C22}"
EndProject
Project("{FAE04EC0-301F-11D3-BF4B-00C04F79EFBC}") = "must", "base\templates\must\must.csproj", "{723DC158-8B66-472D-9310-7B4BEC62F278}"
EndProject
Project("{2150E333-8FDC-42A3-9474-1A3956D46DE8}") = "(logging)", "(logging)", "{C457AFD7-81B5-4D49-B36E-41E1BE0398AE}"
EndProject
Project("{FAE04EC0-301F-11D3-BF4B-00C04F79EFBC}") = "log4net", "impl\logging\log4net\log4net.csproj", "{04762107-A5DE-4BBF-8CFB-DD42D913276B}"
EndProject
Project("{FAE04EC0-301F-11D3-BF4B-00C04F79EFBC}") = "zmqlog", "impl\logging\zmqlog\zmqlog.csproj", "{5569716B-167F-43CC-8F86-1A8A9331996F}"
EndProject
Project("{FAE04EC0-301F-11D3-BF4B-00C04F79EFBC}") = "playground", "tests\playground\playground.csproj", "{E672F5C4-6B37-4605-8E2E-C3BA65EFC817}"
EndProject
Project("{2150E333-8FDC-42A3-9474-1A3956D46DE8}") = "(platform)", "(platform)", "{BF574D7A-64AF-40B9-81EE-97C8D62AFB78}"
EndProject
Project("{2150E333-8FDC-42A3-9474-1A3956D46DE8}") = "(toolkit)", "(toolkit)", "{181135FA-DFBF-44BB-A612-709850F95B95}"
EndProject
Project("{2150E333-8FDC-42A3-9474-1A3956D46DE8}") = "(restQL)", "(restQL)", "{7770C624-DC91-4C40-A0AF-F1F685108038}"
EndProject
Project("{FAE04EC0-301F-11D3-BF4B-00C04F79EFBC}") = "restQL", "tests\platform\toolkit\restQL\restQL\restQL.csproj", "{FF4620A2-637E-4EB5-B388-94A321D5838F}"
EndProject
Project("{FAE04EC0-301F-11D3-BF4B-00C04F79EFBC}") = "mongoose", "platform\toolkit\restql\mongoose\mongoose.csproj", "{1BFFEEC8-143D-4830-9E40-C1B1AC9D9323}"
EndProject
Project("{FAE04EC0-301F-11D3-BF4B-00C04F79EFBC}") = "httpclient", "platform\toolkit\restql\httpclient\httpclient.csproj", "{09415982-7081-444D-AF22-084FAA2BF468}"
EndProject
Project("{2150E333-8FDC-42A3-9474-1A3956D46DE8}") = "(cache)", "(cache)", "{82FBAE15-77CB-4A71-9D17-7E2D98A384AD}"
EndProject
Project("{FAE04EC0-301F-11D3-BF4B-00C04F79EFBC}") = "memorycache", "impl\cache\memorycache\memorycache.csproj", "{3D43CBC8-F12D-49D9-8A24-84F3DA9AB7FC}"
EndProject
Global
	GlobalSection(SubversionScc) = preSolution
		Svn-Managed = True
		Manager = AnkhSVN - Subversion Support for Visual Studio
	EndGlobalSection
	GlobalSection(SolutionConfigurationPlatforms) = preSolution
		debug|Any CPU = debug|Any CPU
		debug|Mixed Platforms = debug|Mixed Platforms
		debug|x86 = debug|x86
		release|Any CPU = release|Any CPU
		release|Mixed Platforms = release|Mixed Platforms
		release|x86 = release|x86
	EndGlobalSection
	GlobalSection(ProjectConfigurationPlatforms) = postSolution
		{4B87B8C8-6B0C-437D-9435-F44BB20F2CE3}.debug|Any CPU.ActiveCfg = Debug|Any CPU
		{4B87B8C8-6B0C-437D-9435-F44BB20F2CE3}.debug|Any CPU.Build.0 = Debug|Any CPU
		{4B87B8C8-6B0C-437D-9435-F44BB20F2CE3}.debug|Mixed Platforms.ActiveCfg = Debug|Any CPU
		{4B87B8C8-6B0C-437D-9435-F44BB20F2CE3}.debug|Mixed Platforms.Build.0 = Debug|Any CPU
		{4B87B8C8-6B0C-437D-9435-F44BB20F2CE3}.debug|x86.ActiveCfg = Debug|Any CPU
		{4B87B8C8-6B0C-437D-9435-F44BB20F2CE3}.release|Any CPU.ActiveCfg = Release|Any CPU
		{4B87B8C8-6B0C-437D-9435-F44BB20F2CE3}.release|Any CPU.Build.0 = Release|Any CPU
		{4B87B8C8-6B0C-437D-9435-F44BB20F2CE3}.release|Mixed Platforms.ActiveCfg = Release|Any CPU
		{4B87B8C8-6B0C-437D-9435-F44BB20F2CE3}.release|Mixed Platforms.Build.0 = Release|Any CPU
		{4B87B8C8-6B0C-437D-9435-F44BB20F2CE3}.release|x86.ActiveCfg = Release|Any CPU
		{99ED0E39-66A2-4A13-A9F0-C718FF5CF6CD}.debug|Any CPU.ActiveCfg = Debug|Any CPU
		{99ED0E39-66A2-4A13-A9F0-C718FF5CF6CD}.debug|Any CPU.Build.0 = Debug|Any CPU
		{99ED0E39-66A2-4A13-A9F0-C718FF5CF6CD}.debug|Mixed Platforms.ActiveCfg = Debug|Any CPU
		{99ED0E39-66A2-4A13-A9F0-C718FF5CF6CD}.debug|Mixed Platforms.Build.0 = Debug|Any CPU
		{99ED0E39-66A2-4A13-A9F0-C718FF5CF6CD}.debug|x86.ActiveCfg = Debug|Any CPU
		{99ED0E39-66A2-4A13-A9F0-C718FF5CF6CD}.release|Any CPU.ActiveCfg = Release|Any CPU
		{99ED0E39-66A2-4A13-A9F0-C718FF5CF6CD}.release|Any CPU.Build.0 = Release|Any CPU
		{99ED0E39-66A2-4A13-A9F0-C718FF5CF6CD}.release|Mixed Platforms.ActiveCfg = Release|Any CPU
		{99ED0E39-66A2-4A13-A9F0-C718FF5CF6CD}.release|Mixed Platforms.Build.0 = Release|Any CPU
		{99ED0E39-66A2-4A13-A9F0-C718FF5CF6CD}.release|x86.ActiveCfg = Release|Any CPU
		{A0341EAF-743E-4191-9012-87F9A7ACCBF3}.debug|Any CPU.ActiveCfg = Debug|Any CPU
		{A0341EAF-743E-4191-9012-87F9A7ACCBF3}.debug|Any CPU.Build.0 = Debug|Any CPU
		{A0341EAF-743E-4191-9012-87F9A7ACCBF3}.debug|Mixed Platforms.ActiveCfg = Debug|Any CPU
		{A0341EAF-743E-4191-9012-87F9A7ACCBF3}.debug|Mixed Platforms.Build.0 = Debug|Any CPU
		{A0341EAF-743E-4191-9012-87F9A7ACCBF3}.debug|x86.ActiveCfg = Debug|Any CPU
		{A0341EAF-743E-4191-9012-87F9A7ACCBF3}.release|Any CPU.ActiveCfg = Release|Any CPU
		{A0341EAF-743E-4191-9012-87F9A7ACCBF3}.release|Any CPU.Build.0 = Release|Any CPU
		{A0341EAF-743E-4191-9012-87F9A7ACCBF3}.release|Mixed Platforms.ActiveCfg = Release|Any CPU
		{A0341EAF-743E-4191-9012-87F9A7ACCBF3}.release|Mixed Platforms.Build.0 = Release|Any CPU
		{A0341EAF-743E-4191-9012-87F9A7ACCBF3}.release|x86.ActiveCfg = Release|Any CPU
		{7B7DCA88-945A-4FA9-985C-5F3CB667C2BC}.debug|Any CPU.ActiveCfg = Debug|Any CPU
		{7B7DCA88-945A-4FA9-985C-5F3CB667C2BC}.debug|Any CPU.Build.0 = Debug|Any CPU
		{7B7DCA88-945A-4FA9-985C-5F3CB667C2BC}.debug|Mixed Platforms.ActiveCfg = Debug|Any CPU
		{7B7DCA88-945A-4FA9-985C-5F3CB667C2BC}.debug|Mixed Platforms.Build.0 = Debug|Any CPU
		{7B7DCA88-945A-4FA9-985C-5F3CB667C2BC}.debug|x86.ActiveCfg = Debug|Any CPU
		{7B7DCA88-945A-4FA9-985C-5F3CB667C2BC}.release|Any CPU.ActiveCfg = Release|Any CPU
		{7B7DCA88-945A-4FA9-985C-5F3CB667C2BC}.release|Any CPU.Build.0 = Release|Any CPU
		{7B7DCA88-945A-4FA9-985C-5F3CB667C2BC}.release|Mixed Platforms.ActiveCfg = Release|Any CPU
		{7B7DCA88-945A-4FA9-985C-5F3CB667C2BC}.release|Mixed Platforms.Build.0 = Release|Any CPU
		{7B7DCA88-945A-4FA9-985C-5F3CB667C2BC}.release|x86.ActiveCfg = Release|Any CPU
		{ABF8260D-F80B-453C-8016-44AA75670DA3}.debug|Any CPU.ActiveCfg = Debug|Any CPU
		{ABF8260D-F80B-453C-8016-44AA75670DA3}.debug|Any CPU.Build.0 = Debug|Any CPU
		{ABF8260D-F80B-453C-8016-44AA75670DA3}.debug|Mixed Platforms.ActiveCfg = Debug|Any CPU
		{ABF8260D-F80B-453C-8016-44AA75670DA3}.debug|Mixed Platforms.Build.0 = Debug|Any CPU
		{ABF8260D-F80B-453C-8016-44AA75670DA3}.debug|x86.ActiveCfg = Debug|Any CPU
		{ABF8260D-F80B-453C-8016-44AA75670DA3}.release|Any CPU.ActiveCfg = Release|Any CPU
		{ABF8260D-F80B-453C-8016-44AA75670DA3}.release|Any CPU.Build.0 = Release|Any CPU
		{ABF8260D-F80B-453C-8016-44AA75670DA3}.release|Mixed Platforms.ActiveCfg = Release|Any CPU
		{ABF8260D-F80B-453C-8016-44AA75670DA3}.release|Mixed Platforms.Build.0 = Release|Any CPU
		{ABF8260D-F80B-453C-8016-44AA75670DA3}.release|x86.ActiveCfg = Release|Any CPU
		{9AD42568-07A4-4D8B-9C6D-1FD54683EF4B}.debug|Any CPU.ActiveCfg = Debug|Any CPU
		{9AD42568-07A4-4D8B-9C6D-1FD54683EF4B}.debug|Any CPU.Build.0 = Debug|Any CPU
		{9AD42568-07A4-4D8B-9C6D-1FD54683EF4B}.debug|Mixed Platforms.ActiveCfg = Debug|Any CPU
		{9AD42568-07A4-4D8B-9C6D-1FD54683EF4B}.debug|Mixed Platforms.Build.0 = Debug|Any CPU
		{9AD42568-07A4-4D8B-9C6D-1FD54683EF4B}.debug|x86.ActiveCfg = Debug|Any CPU
		{9AD42568-07A4-4D8B-9C6D-1FD54683EF4B}.release|Any CPU.ActiveCfg = Release|Any CPU
		{9AD42568-07A4-4D8B-9C6D-1FD54683EF4B}.release|Any CPU.Build.0 = Release|Any CPU
		{9AD42568-07A4-4D8B-9C6D-1FD54683EF4B}.release|Mixed Platforms.ActiveCfg = Release|Any CPU
		{9AD42568-07A4-4D8B-9C6D-1FD54683EF4B}.release|Mixed Platforms.Build.0 = Release|Any CPU
		{9AD42568-07A4-4D8B-9C6D-1FD54683EF4B}.release|x86.ActiveCfg = Release|Any CPU
		{903B5354-C424-4ADD-BC2B-892E1AA4342A}.debug|Any CPU.ActiveCfg = Debug|Any CPU
		{903B5354-C424-4ADD-BC2B-892E1AA4342A}.debug|Any CPU.Build.0 = Debug|Any CPU
		{903B5354-C424-4ADD-BC2B-892E1AA4342A}.debug|Mixed Platforms.ActiveCfg = Debug|Any CPU
		{903B5354-C424-4ADD-BC2B-892E1AA4342A}.debug|Mixed Platforms.Build.0 = Debug|Any CPU
		{903B5354-C424-4ADD-BC2B-892E1AA4342A}.debug|x86.ActiveCfg = Debug|Any CPU
		{903B5354-C424-4ADD-BC2B-892E1AA4342A}.release|Any CPU.ActiveCfg = Release|Any CPU
		{903B5354-C424-4ADD-BC2B-892E1AA4342A}.release|Any CPU.Build.0 = Release|Any CPU
		{903B5354-C424-4ADD-BC2B-892E1AA4342A}.release|Mixed Platforms.ActiveCfg = Release|Any CPU
		{903B5354-C424-4ADD-BC2B-892E1AA4342A}.release|Mixed Platforms.Build.0 = Release|Any CPU
		{903B5354-C424-4ADD-BC2B-892E1AA4342A}.release|x86.ActiveCfg = Release|Any CPU
		{2AAB1652-4EBB-4917-AED8-7F157F884E3B}.debug|Any CPU.ActiveCfg = Debug|Any CPU
		{2AAB1652-4EBB-4917-AED8-7F157F884E3B}.debug|Any CPU.Build.0 = Debug|Any CPU
		{2AAB1652-4EBB-4917-AED8-7F157F884E3B}.debug|Mixed Platforms.ActiveCfg = Debug|Any CPU
		{2AAB1652-4EBB-4917-AED8-7F157F884E3B}.debug|Mixed Platforms.Build.0 = Debug|Any CPU
		{2AAB1652-4EBB-4917-AED8-7F157F884E3B}.debug|x86.ActiveCfg = Debug|Any CPU
		{2AAB1652-4EBB-4917-AED8-7F157F884E3B}.release|Any CPU.ActiveCfg = Release|Any CPU
		{2AAB1652-4EBB-4917-AED8-7F157F884E3B}.release|Any CPU.Build.0 = Release|Any CPU
		{2AAB1652-4EBB-4917-AED8-7F157F884E3B}.release|Mixed Platforms.ActiveCfg = Release|Any CPU
		{2AAB1652-4EBB-4917-AED8-7F157F884E3B}.release|Mixed Platforms.Build.0 = Release|Any CPU
		{2AAB1652-4EBB-4917-AED8-7F157F884E3B}.release|x86.ActiveCfg = Release|Any CPU
		{BC583230-4459-42E2-9B40-2B05E25A5F5B}.debug|Any CPU.ActiveCfg = Debug|Any CPU
		{BC583230-4459-42E2-9B40-2B05E25A5F5B}.debug|Any CPU.Build.0 = Debug|Any CPU
		{BC583230-4459-42E2-9B40-2B05E25A5F5B}.debug|Mixed Platforms.ActiveCfg = Debug|Any CPU
		{BC583230-4459-42E2-9B40-2B05E25A5F5B}.debug|Mixed Platforms.Build.0 = Debug|Any CPU
		{BC583230-4459-42E2-9B40-2B05E25A5F5B}.debug|x86.ActiveCfg = Debug|Any CPU
		{BC583230-4459-42E2-9B40-2B05E25A5F5B}.release|Any CPU.ActiveCfg = Release|Any CPU
		{BC583230-4459-42E2-9B40-2B05E25A5F5B}.release|Any CPU.Build.0 = Release|Any CPU
		{BC583230-4459-42E2-9B40-2B05E25A5F5B}.release|Mixed Platforms.ActiveCfg = Release|Any CPU
		{BC583230-4459-42E2-9B40-2B05E25A5F5B}.release|Mixed Platforms.Build.0 = Release|Any CPU
		{BC583230-4459-42E2-9B40-2B05E25A5F5B}.release|x86.ActiveCfg = Release|Any CPU
		{0755A3F6-A7AC-451E-AB07-89455293E63A}.debug|Any CPU.ActiveCfg = Debug|Any CPU
		{0755A3F6-A7AC-451E-AB07-89455293E63A}.debug|Any CPU.Build.0 = Debug|Any CPU
		{0755A3F6-A7AC-451E-AB07-89455293E63A}.debug|Mixed Platforms.ActiveCfg = Debug|Any CPU
		{0755A3F6-A7AC-451E-AB07-89455293E63A}.debug|Mixed Platforms.Build.0 = Debug|Any CPU
		{0755A3F6-A7AC-451E-AB07-89455293E63A}.debug|x86.ActiveCfg = Debug|Any CPU
		{0755A3F6-A7AC-451E-AB07-89455293E63A}.release|Any CPU.ActiveCfg = Release|Any CPU
		{0755A3F6-A7AC-451E-AB07-89455293E63A}.release|Any CPU.Build.0 = Release|Any CPU
		{0755A3F6-A7AC-451E-AB07-89455293E63A}.release|Mixed Platforms.ActiveCfg = Release|Any CPU
		{0755A3F6-A7AC-451E-AB07-89455293E63A}.release|Mixed Platforms.Build.0 = Release|Any CPU
		{0755A3F6-A7AC-451E-AB07-89455293E63A}.release|x86.ActiveCfg = Release|Any CPU
		{5C003620-294D-44C2-B456-AB1AE3BBB4CB}.debug|Any CPU.ActiveCfg = Debug|Any CPU
		{5C003620-294D-44C2-B456-AB1AE3BBB4CB}.debug|Any CPU.Build.0 = Debug|Any CPU
		{5C003620-294D-44C2-B456-AB1AE3BBB4CB}.debug|Mixed Platforms.ActiveCfg = Debug|Any CPU
		{5C003620-294D-44C2-B456-AB1AE3BBB4CB}.debug|Mixed Platforms.Build.0 = Debug|Any CPU
		{5C003620-294D-44C2-B456-AB1AE3BBB4CB}.debug|x86.ActiveCfg = Debug|Any CPU
		{5C003620-294D-44C2-B456-AB1AE3BBB4CB}.release|Any CPU.ActiveCfg = Release|Any CPU
		{5C003620-294D-44C2-B456-AB1AE3BBB4CB}.release|Any CPU.Build.0 = Release|Any CPU
		{5C003620-294D-44C2-B456-AB1AE3BBB4CB}.release|Mixed Platforms.ActiveCfg = Release|Any CPU
		{5C003620-294D-44C2-B456-AB1AE3BBB4CB}.release|Mixed Platforms.Build.0 = Release|Any CPU
		{5C003620-294D-44C2-B456-AB1AE3BBB4CB}.release|x86.ActiveCfg = Release|Any CPU
		{E8EFA430-BF9E-4AF8-A4DB-4BC14FD80214}.debug|Any CPU.ActiveCfg = Debug|Any CPU
		{E8EFA430-BF9E-4AF8-A4DB-4BC14FD80214}.debug|Any CPU.Build.0 = Debug|Any CPU
		{E8EFA430-BF9E-4AF8-A4DB-4BC14FD80214}.debug|Mixed Platforms.ActiveCfg = Debug|Any CPU
		{E8EFA430-BF9E-4AF8-A4DB-4BC14FD80214}.debug|Mixed Platforms.Build.0 = Debug|Any CPU
		{E8EFA430-BF9E-4AF8-A4DB-4BC14FD80214}.debug|x86.ActiveCfg = Debug|Any CPU
		{E8EFA430-BF9E-4AF8-A4DB-4BC14FD80214}.release|Any CPU.ActiveCfg = Release|Any CPU
		{E8EFA430-BF9E-4AF8-A4DB-4BC14FD80214}.release|Any CPU.Build.0 = Release|Any CPU
		{E8EFA430-BF9E-4AF8-A4DB-4BC14FD80214}.release|Mixed Platforms.ActiveCfg = Release|Any CPU
		{E8EFA430-BF9E-4AF8-A4DB-4BC14FD80214}.release|Mixed Platforms.Build.0 = Release|Any CPU
		{E8EFA430-BF9E-4AF8-A4DB-4BC14FD80214}.release|x86.ActiveCfg = Release|Any CPU
		{4A35A861-6ED1-4A55-8B8F-75A24D550868}.debug|Any CPU.ActiveCfg = Debug|Any CPU
		{4A35A861-6ED1-4A55-8B8F-75A24D550868}.debug|Any CPU.Build.0 = Debug|Any CPU
		{4A35A861-6ED1-4A55-8B8F-75A24D550868}.debug|Mixed Platforms.ActiveCfg = Debug|Any CPU
		{4A35A861-6ED1-4A55-8B8F-75A24D550868}.debug|Mixed Platforms.Build.0 = Debug|Any CPU
		{4A35A861-6ED1-4A55-8B8F-75A24D550868}.debug|x86.ActiveCfg = Debug|Any CPU
		{4A35A861-6ED1-4A55-8B8F-75A24D550868}.release|Any CPU.ActiveCfg = Release|Any CPU
		{4A35A861-6ED1-4A55-8B8F-75A24D550868}.release|Any CPU.Build.0 = Release|Any CPU
		{4A35A861-6ED1-4A55-8B8F-75A24D550868}.release|Mixed Platforms.ActiveCfg = Release|Any CPU
		{4A35A861-6ED1-4A55-8B8F-75A24D550868}.release|Mixed Platforms.Build.0 = Release|Any CPU
		{4A35A861-6ED1-4A55-8B8F-75A24D550868}.release|x86.ActiveCfg = Release|Any CPU
		{1A4ED279-F59C-4E37-AE66-D323A89C36ED}.debug|Any CPU.ActiveCfg = Debug|Any CPU
		{1A4ED279-F59C-4E37-AE66-D323A89C36ED}.debug|Any CPU.Build.0 = Debug|Any CPU
		{1A4ED279-F59C-4E37-AE66-D323A89C36ED}.debug|Mixed Platforms.ActiveCfg = Debug|Any CPU
		{1A4ED279-F59C-4E37-AE66-D323A89C36ED}.debug|Mixed Platforms.Build.0 = Debug|Any CPU
		{1A4ED279-F59C-4E37-AE66-D323A89C36ED}.debug|x86.ActiveCfg = Debug|Any CPU
		{1A4ED279-F59C-4E37-AE66-D323A89C36ED}.release|Any CPU.ActiveCfg = Release|Any CPU
		{1A4ED279-F59C-4E37-AE66-D323A89C36ED}.release|Any CPU.Build.0 = Release|Any CPU
		{1A4ED279-F59C-4E37-AE66-D323A89C36ED}.release|Mixed Platforms.ActiveCfg = Release|Any CPU
		{1A4ED279-F59C-4E37-AE66-D323A89C36ED}.release|Mixed Platforms.Build.0 = Release|Any CPU
		{1A4ED279-F59C-4E37-AE66-D323A89C36ED}.release|x86.ActiveCfg = Release|Any CPU
		{EE140ABF-C917-44D7-B89F-D6946332F507}.debug|Any CPU.ActiveCfg = Debug|Any CPU
		{EE140ABF-C917-44D7-B89F-D6946332F507}.debug|Any CPU.Build.0 = Debug|Any CPU
		{EE140ABF-C917-44D7-B89F-D6946332F507}.debug|Mixed Platforms.ActiveCfg = Debug|Any CPU
		{EE140ABF-C917-44D7-B89F-D6946332F507}.debug|Mixed Platforms.Build.0 = Debug|Any CPU
		{EE140ABF-C917-44D7-B89F-D6946332F507}.debug|x86.ActiveCfg = Debug|Any CPU
		{EE140ABF-C917-44D7-B89F-D6946332F507}.release|Any CPU.ActiveCfg = Release|Any CPU
		{EE140ABF-C917-44D7-B89F-D6946332F507}.release|Any CPU.Build.0 = Release|Any CPU
		{EE140ABF-C917-44D7-B89F-D6946332F507}.release|Mixed Platforms.ActiveCfg = Release|Any CPU
		{EE140ABF-C917-44D7-B89F-D6946332F507}.release|Mixed Platforms.Build.0 = Release|Any CPU
		{EE140ABF-C917-44D7-B89F-D6946332F507}.release|x86.ActiveCfg = Release|Any CPU
		{876848CE-99F0-4AA1-8468-365204B77123}.debug|Any CPU.ActiveCfg = Debug|x86
		{876848CE-99F0-4AA1-8468-365204B77123}.debug|Mixed Platforms.ActiveCfg = Debug|x86
		{876848CE-99F0-4AA1-8468-365204B77123}.debug|Mixed Platforms.Build.0 = Debug|x86
		{876848CE-99F0-4AA1-8468-365204B77123}.debug|x86.ActiveCfg = Debug|x86
		{876848CE-99F0-4AA1-8468-365204B77123}.debug|x86.Build.0 = Debug|x86
		{876848CE-99F0-4AA1-8468-365204B77123}.release|Any CPU.ActiveCfg = Release|x86
		{876848CE-99F0-4AA1-8468-365204B77123}.release|Mixed Platforms.ActiveCfg = Release|x86
		{876848CE-99F0-4AA1-8468-365204B77123}.release|Mixed Platforms.Build.0 = Release|x86
		{876848CE-99F0-4AA1-8468-365204B77123}.release|x86.ActiveCfg = Release|x86
		{876848CE-99F0-4AA1-8468-365204B77123}.release|x86.Build.0 = Release|x86
		{78158772-E272-46C1-B1DA-49B3251D83CC}.debug|Any CPU.ActiveCfg = Debug|Any CPU
		{78158772-E272-46C1-B1DA-49B3251D83CC}.debug|Any CPU.Build.0 = Debug|Any CPU
		{78158772-E272-46C1-B1DA-49B3251D83CC}.debug|Mixed Platforms.ActiveCfg = Debug|Any CPU
		{78158772-E272-46C1-B1DA-49B3251D83CC}.debug|Mixed Platforms.Build.0 = Debug|Any CPU
		{78158772-E272-46C1-B1DA-49B3251D83CC}.debug|x86.ActiveCfg = Debug|Any CPU
		{78158772-E272-46C1-B1DA-49B3251D83CC}.release|Any CPU.ActiveCfg = Release|Any CPU
		{78158772-E272-46C1-B1DA-49B3251D83CC}.release|Any CPU.Build.0 = Release|Any CPU
		{78158772-E272-46C1-B1DA-49B3251D83CC}.release|Mixed Platforms.ActiveCfg = Release|Any CPU
		{78158772-E272-46C1-B1DA-49B3251D83CC}.release|Mixed Platforms.Build.0 = Release|Any CPU
		{78158772-E272-46C1-B1DA-49B3251D83CC}.release|x86.ActiveCfg = Release|Any CPU
		{723DC158-8B66-472D-9310-7B4BEC62F278}.debug|Any CPU.ActiveCfg = Debug|Any CPU
		{723DC158-8B66-472D-9310-7B4BEC62F278}.debug|Any CPU.Build.0 = Debug|Any CPU
		{723DC158-8B66-472D-9310-7B4BEC62F278}.debug|Mixed Platforms.ActiveCfg = Debug|Any CPU
		{723DC158-8B66-472D-9310-7B4BEC62F278}.debug|Mixed Platforms.Build.0 = Debug|Any CPU
		{723DC158-8B66-472D-9310-7B4BEC62F278}.debug|x86.ActiveCfg = Debug|Any CPU
		{723DC158-8B66-472D-9310-7B4BEC62F278}.release|Any CPU.ActiveCfg = Release|Any CPU
		{723DC158-8B66-472D-9310-7B4BEC62F278}.release|Any CPU.Build.0 = Release|Any CPU
		{723DC158-8B66-472D-9310-7B4BEC62F278}.release|Mixed Platforms.ActiveCfg = Release|Any CPU
		{723DC158-8B66-472D-9310-7B4BEC62F278}.release|Mixed Platforms.Build.0 = Release|Any CPU
		{723DC158-8B66-472D-9310-7B4BEC62F278}.release|x86.ActiveCfg = Release|Any CPU
		{04762107-A5DE-4BBF-8CFB-DD42D913276B}.debug|Any CPU.ActiveCfg = Debug|Any CPU
		{04762107-A5DE-4BBF-8CFB-DD42D913276B}.debug|Any CPU.Build.0 = Debug|Any CPU
		{04762107-A5DE-4BBF-8CFB-DD42D913276B}.debug|Mixed Platforms.ActiveCfg = Debug|Any CPU
		{04762107-A5DE-4BBF-8CFB-DD42D913276B}.debug|Mixed Platforms.Build.0 = Debug|Any CPU
		{04762107-A5DE-4BBF-8CFB-DD42D913276B}.debug|x86.ActiveCfg = Debug|Any CPU
		{04762107-A5DE-4BBF-8CFB-DD42D913276B}.release|Any CPU.ActiveCfg = Release|Any CPU
		{04762107-A5DE-4BBF-8CFB-DD42D913276B}.release|Any CPU.Build.0 = Release|Any CPU
		{04762107-A5DE-4BBF-8CFB-DD42D913276B}.release|Mixed Platforms.ActiveCfg = Release|Any CPU
		{04762107-A5DE-4BBF-8CFB-DD42D913276B}.release|Mixed Platforms.Build.0 = Release|Any CPU
		{04762107-A5DE-4BBF-8CFB-DD42D913276B}.release|x86.ActiveCfg = Release|Any CPU
		{5569716B-167F-43CC-8F86-1A8A9331996F}.debug|Any CPU.ActiveCfg = Debug|Any CPU
		{5569716B-167F-43CC-8F86-1A8A9331996F}.debug|Any CPU.Build.0 = Debug|Any CPU
		{5569716B-167F-43CC-8F86-1A8A9331996F}.debug|Mixed Platforms.ActiveCfg = Debug|Any CPU
		{5569716B-167F-43CC-8F86-1A8A9331996F}.debug|Mixed Platforms.Build.0 = Debug|Any CPU
		{5569716B-167F-43CC-8F86-1A8A9331996F}.debug|x86.ActiveCfg = Debug|Any CPU
		{5569716B-167F-43CC-8F86-1A8A9331996F}.release|Any CPU.ActiveCfg = Release|Any CPU
		{5569716B-167F-43CC-8F86-1A8A9331996F}.release|Any CPU.Build.0 = Release|Any CPU
		{5569716B-167F-43CC-8F86-1A8A9331996F}.release|Mixed Platforms.ActiveCfg = Release|Any CPU
		{5569716B-167F-43CC-8F86-1A8A9331996F}.release|Mixed Platforms.Build.0 = Release|Any CPU
		{5569716B-167F-43CC-8F86-1A8A9331996F}.release|x86.ActiveCfg = Release|Any CPU
		{E672F5C4-6B37-4605-8E2E-C3BA65EFC817}.debug|Any CPU.ActiveCfg = Debug|Any CPU
		{E672F5C4-6B37-4605-8E2E-C3BA65EFC817}.debug|Any CPU.Build.0 = Debug|Any CPU
		{E672F5C4-6B37-4605-8E2E-C3BA65EFC817}.debug|Mixed Platforms.ActiveCfg = Debug|Any CPU
		{E672F5C4-6B37-4605-8E2E-C3BA65EFC817}.debug|Mixed Platforms.Build.0 = Debug|Any CPU
		{E672F5C4-6B37-4605-8E2E-C3BA65EFC817}.debug|x86.ActiveCfg = Debug|Any CPU
		{E672F5C4-6B37-4605-8E2E-C3BA65EFC817}.release|Any CPU.ActiveCfg = Release|Any CPU
		{E672F5C4-6B37-4605-8E2E-C3BA65EFC817}.release|Any CPU.Build.0 = Release|Any CPU
		{E672F5C4-6B37-4605-8E2E-C3BA65EFC817}.release|Mixed Platforms.ActiveCfg = Release|Any CPU
		{E672F5C4-6B37-4605-8E2E-C3BA65EFC817}.release|Mixed Platforms.Build.0 = Release|Any CPU
		{E672F5C4-6B37-4605-8E2E-C3BA65EFC817}.release|x86.ActiveCfg = Release|Any CPU
		{FF4620A2-637E-4EB5-B388-94A321D5838F}.debug|Any CPU.ActiveCfg = Debug|Any CPU
		{FF4620A2-637E-4EB5-B388-94A321D5838F}.debug|Any CPU.Build.0 = Debug|Any CPU
		{FF4620A2-637E-4EB5-B388-94A321D5838F}.debug|Mixed Platforms.ActiveCfg = Debug|Any CPU
		{FF4620A2-637E-4EB5-B388-94A321D5838F}.debug|Mixed Platforms.Build.0 = Debug|Any CPU
		{FF4620A2-637E-4EB5-B388-94A321D5838F}.debug|x86.ActiveCfg = Debug|Any CPU
		{FF4620A2-637E-4EB5-B388-94A321D5838F}.release|Any CPU.ActiveCfg = Release|Any CPU
		{FF4620A2-637E-4EB5-B388-94A321D5838F}.release|Any CPU.Build.0 = Release|Any CPU
		{FF4620A2-637E-4EB5-B388-94A321D5838F}.release|Mixed Platforms.ActiveCfg = Release|Any CPU
		{FF4620A2-637E-4EB5-B388-94A321D5838F}.release|Mixed Platforms.Build.0 = Release|Any CPU
		{FF4620A2-637E-4EB5-B388-94A321D5838F}.release|x86.ActiveCfg = Release|Any CPU
		{1BFFEEC8-143D-4830-9E40-C1B1AC9D9323}.debug|Any CPU.ActiveCfg = Debug|Any CPU
		{1BFFEEC8-143D-4830-9E40-C1B1AC9D9323}.debug|Any CPU.Build.0 = Debug|Any CPU
		{1BFFEEC8-143D-4830-9E40-C1B1AC9D9323}.debug|Mixed Platforms.ActiveCfg = Debug|Any CPU
		{1BFFEEC8-143D-4830-9E40-C1B1AC9D9323}.debug|Mixed Platforms.Build.0 = Debug|Any CPU
		{1BFFEEC8-143D-4830-9E40-C1B1AC9D9323}.debug|x86.ActiveCfg = Debug|Any CPU
		{1BFFEEC8-143D-4830-9E40-C1B1AC9D9323}.release|Any CPU.ActiveCfg = Release|Any CPU
		{1BFFEEC8-143D-4830-9E40-C1B1AC9D9323}.release|Any CPU.Build.0 = Release|Any CPU
		{1BFFEEC8-143D-4830-9E40-C1B1AC9D9323}.release|Mixed Platforms.ActiveCfg = Release|Any CPU
		{1BFFEEC8-143D-4830-9E40-C1B1AC9D9323}.release|Mixed Platforms.Build.0 = Release|Any CPU
		{1BFFEEC8-143D-4830-9E40-C1B1AC9D9323}.release|x86.ActiveCfg = Release|Any CPU
		{09415982-7081-444D-AF22-084FAA2BF468}.debug|Any CPU.ActiveCfg = Debug|Any CPU
		{09415982-7081-444D-AF22-084FAA2BF468}.debug|Any CPU.Build.0 = Debug|Any CPU
		{09415982-7081-444D-AF22-084FAA2BF468}.debug|Mixed Platforms.ActiveCfg = Debug|Any CPU
		{09415982-7081-444D-AF22-084FAA2BF468}.debug|Mixed Platforms.Build.0 = Debug|Any CPU
		{09415982-7081-444D-AF22-084FAA2BF468}.debug|x86.ActiveCfg = Debug|Any CPU
		{09415982-7081-444D-AF22-084FAA2BF468}.release|Any CPU.ActiveCfg = Release|Any CPU
		{09415982-7081-444D-AF22-084FAA2BF468}.release|Any CPU.Build.0 = Release|Any CPU
		{09415982-7081-444D-AF22-084FAA2BF468}.release|Mixed Platforms.ActiveCfg = Release|Any CPU
		{09415982-7081-444D-AF22-084FAA2BF468}.release|Mixed Platforms.Build.0 = Release|Any CPU
		{09415982-7081-444D-AF22-084FAA2BF468}.release|x86.ActiveCfg = Release|Any CPU
		{3D43CBC8-F12D-49D9-8A24-84F3DA9AB7FC}.debug|Any CPU.ActiveCfg = Debug|Any CPU
		{3D43CBC8-F12D-49D9-8A24-84F3DA9AB7FC}.debug|Any CPU.Build.0 = Debug|Any CPU
		{3D43CBC8-F12D-49D9-8A24-84F3DA9AB7FC}.debug|Mixed Platforms.ActiveCfg = Debug|Any CPU
		{3D43CBC8-F12D-49D9-8A24-84F3DA9AB7FC}.debug|Mixed Platforms.Build.0 = Debug|Any CPU
		{3D43CBC8-F12D-49D9-8A24-84F3DA9AB7FC}.debug|x86.ActiveCfg = Debug|Any CPU
		{3D43CBC8-F12D-49D9-8A24-84F3DA9AB7FC}.release|Any CPU.ActiveCfg = Release|Any CPU
		{3D43CBC8-F12D-49D9-8A24-84F3DA9AB7FC}.release|Any CPU.Build.0 = Release|Any CPU
		{3D43CBC8-F12D-49D9-8A24-84F3DA9AB7FC}.release|Mixed Platforms.ActiveCfg = Release|Any CPU
		{3D43CBC8-F12D-49D9-8A24-84F3DA9AB7FC}.release|Mixed Platforms.Build.0 = Release|Any CPU
		{3D43CBC8-F12D-49D9-8A24-84F3DA9AB7FC}.release|x86.ActiveCfg = Release|Any CPU
	EndGlobalSection
	GlobalSection(SolutionProperties) = preSolution
		HideSolutionNode = FALSE
	EndGlobalSection
	GlobalSection(NestedProjects) = preSolution
		{4B87B8C8-6B0C-437D-9435-F44BB20F2CE3} = {EB0EC89C-EBF6-4BD4-9509-CC888AC506B6}
		{99ED0E39-66A2-4A13-A9F0-C718FF5CF6CD} = {EB0EC89C-EBF6-4BD4-9509-CC888AC506B6}
		{BC583230-4459-42E2-9B40-2B05E25A5F5B} = {EB0EC89C-EBF6-4BD4-9509-CC888AC506B6}
		{5C003620-294D-44C2-B456-AB1AE3BBB4CB} = {EB0EC89C-EBF6-4BD4-9509-CC888AC506B6}
		{876848CE-99F0-4AA1-8468-365204B77123} = {EB0EC89C-EBF6-4BD4-9509-CC888AC506B6}
		{E672F5C4-6B37-4605-8E2E-C3BA65EFC817} = {EB0EC89C-EBF6-4BD4-9509-CC888AC506B6}
		{BF574D7A-64AF-40B9-81EE-97C8D62AFB78} = {EB0EC89C-EBF6-4BD4-9509-CC888AC506B6}
		{58950AA5-9A5F-47F2-AC22-A45A29728345} = {16C7B435-1881-475F-A883-3259AC822721}
		{A0341EAF-743E-4191-9012-87F9A7ACCBF3} = {16C7B435-1881-475F-A883-3259AC822721}
		{903B5354-C424-4ADD-BC2B-892E1AA4342A} = {16C7B435-1881-475F-A883-3259AC822721}
		{F164A4C3-1B1D-4CEB-BDCE-9D3677022C22} = {16C7B435-1881-475F-A883-3259AC822721}
		{9AD42568-07A4-4D8B-9C6D-1FD54683EF4B} = {0E238FD8-B69D-41F3-9C7A-B6BB76B0503D}
		{7B7DCA88-945A-4FA9-985C-5F3CB667C2BC} = {750864A8-5D01-4AA7-AFC5-0A16110E058E}
		{ABF8260D-F80B-453C-8016-44AA75670DA3} = {750864A8-5D01-4AA7-AFC5-0A16110E058E}
		{2AAB1652-4EBB-4917-AED8-7F157F884E3B} = {750864A8-5D01-4AA7-AFC5-0A16110E058E}
		{CA82D0F1-AFA8-44EA-BE95-707D24069629} = {750864A8-5D01-4AA7-AFC5-0A16110E058E}
		{C4248ECD-04B2-4797-88C1-0ED8E0CDF9E7} = {58950AA5-9A5F-47F2-AC22-A45A29728345}
		{0755A3F6-A7AC-451E-AB07-89455293E63A} = {F164A4C3-1B1D-4CEB-BDCE-9D3677022C22}
		{723DC158-8B66-472D-9310-7B4BEC62F278} = {F164A4C3-1B1D-4CEB-BDCE-9D3677022C22}
		{E8EFA430-BF9E-4AF8-A4DB-4BC14FD80214} = {C67DBC61-2B9D-4840-BB18-348977218CA3}
		{C457AFD7-81B5-4D49-B36E-41E1BE0398AE} = {C67DBC61-2B9D-4840-BB18-348977218CA3}
		{82FBAE15-77CB-4A71-9D17-7E2D98A384AD} = {C67DBC61-2B9D-4840-BB18-348977218CA3}
		{4A35A861-6ED1-4A55-8B8F-75A24D550868} = {CA82D0F1-AFA8-44EA-BE95-707D24069629}
		{01944A4C-617B-4F1E-B110-06FE6CDECEB2} = {CA82D0F1-AFA8-44EA-BE95-707D24069629}
		{EE140ABF-C917-44D7-B89F-D6946332F507} = {CA82D0F1-AFA8-44EA-BE95-707D24069629}
		{1A4ED279-F59C-4E37-AE66-D323A89C36ED} = {01944A4C-617B-4F1E-B110-06FE6CDECEB2}
		{78158772-E272-46C1-B1DA-49B3251D83CC} = {01944A4C-617B-4F1E-B110-06FE6CDECEB2}
		{1BFFEEC8-143D-4830-9E40-C1B1AC9D9323} = {01944A4C-617B-4F1E-B110-06FE6CDECEB2}
		{09415982-7081-444D-AF22-084FAA2BF468} = {01944A4C-617B-4F1E-B110-06FE6CDECEB2}
		{04762107-A5DE-4BBF-8CFB-DD42D913276B} = {C457AFD7-81B5-4D49-B36E-41E1BE0398AE}
		{5569716B-167F-43CC-8F86-1A8A9331996F} = {C457AFD7-81B5-4D49-B36E-41E1BE0398AE}
		{181135FA-DFBF-44BB-A612-709850F95B95} = {BF574D7A-64AF-40B9-81EE-97C8D62AFB78}
		{7770C624-DC91-4C40-A0AF-F1F685108038} = {181135FA-DFBF-44BB-A612-709850F95B95}
		{FF4620A2-637E-4EB5-B388-94A321D5838F} = {7770C624-DC91-4C40-A0AF-F1F685108038}
		{3D43CBC8-F12D-49D9-8A24-84F3DA9AB7FC} = {82FBAE15-77CB-4A71-9D17-7E2D98A384AD}
	EndGlobalSection
	GlobalSection(ExtensibilityGlobals) = postSolution
		BuildVersion_BuildVersioningStyle = None.None.None.None
	EndGlobalSection
EndGlobal
